
Microsoft Visual Studio Solution File, Format Version 12.00
# Visual Studio Version 17
VisualStudioVersion = 17.5.33516.290
MinimumVisualStudioVersion = 10.0.40219.1
Project("{8BC9CEB8-8B4A-11D0-8D11-00A0C91BC942}") = "test", "test\test.vcxproj", "{DD4174F6-9779-4F40-9AEA-C65AC02207BA}"
EndProject
Global
	GlobalSection(SolutionConfigurationPlatforms) = preSolution
		Debug|x64 = Debug|x64
		Debug|x86 = Debug|x86
		Release|x64 = Release|x64
		Release|x86 = Release|x86
	EndGlobalSection
	GlobalSection(ProjectConfigurationPlatforms) = postSolution
		{DD4174F6-9779-4F40-9AEA-C65AC02207BA}.Debug|x64.ActiveCfg = Debug|x64
		{DD4174F6-9779-4F40-9AEA-C65AC02207BA}.Debug|x64.Build.0 = Debug|x64
		{DD4174F6-9779-4F40-9AEA-C65AC02207BA}.Debug|x86.ActiveCfg = Debug|Win32
		{DD4174F6-9779-4F40-9AEA-C65AC02207BA}.Debug|x86.Build.0 = Debug|Win32
		{DD4174F6-9779-4F40-9AEA-C65AC02207BA}.Release|x64.ActiveCfg = Release|x64
		{DD4174F6-9779-4F40-9AEA-C65AC02207BA}.Release|x64.Build.0 = Release|x64
		{DD4174F6-9779-4F40-9AEA-C65AC02207BA}.Release|x86.ActiveCfg = Release|Win32
		{DD4174F6-9779-4F40-9AEA-C65AC02207BA}.Release|x86.Build.0 = Release|Win32
	EndGlobalSection
	GlobalSection(SolutionProperties) = preSolution
		HideSolutionNode = FALSE
	EndGlobalSection
	GlobalSection(ExtensibilityGlobals) = postSolution
		SolutionGuid = {570A4316-38DE-4571-9C15-78FFC114F896}
	EndGlobalSection
EndGlobal
